{
  "version": 4,
  "terraform_version": "1.3.8",
  "serial": 17,
  "lineage": "a4e09b78-1479-c560-0d33-f6783f53a880",
  "outputs": {},
  "resources": [
    {
      "mode": "managed",
      "type": "flexibleengine_vpc_subnet_v1",
      "name": "subnet_automation",
      "provider": "provider[\"registry.terraform.io/flexibleenginecloud/flexibleengine\"]",
      "instances": [
        {
          "schema_version": 0,
          "attributes": {
            "availability_zone": "",
            "cidr": "192.168.0.0/24",
            "description": "",
            "dhcp_enable": true,
            "dns_list": [
              "100.125.0.41",
              "100.126.0.41"
            ],
            "gateway_ip": "192.168.0.1",
            "id": "7414ad14-ee8b-4eb0-8686-7708c8e74de2",
            "ipv4_subnet_id": "2021ac84-70a5-4deb-b7fb-19df241f4a74",
            "ipv6_cidr": "",
            "ipv6_enable": false,
            "ipv6_gateway": "",
            "ipv6_subnet_id": "",
            "name": "vpc-subnet_test",
            "primary_dns": "100.125.0.41",
            "region": "eu-west-0",
            "secondary_dns": "100.126.0.41",
            "subnet_id": "2021ac84-70a5-4deb-b7fb-19df241f4a74",
            "tags": {},
            "timeouts": null,
            "vpc_id": "fc788af7-946b-4639-adab-6046a8f4c39c"
          },
          "sensitive_attributes": [],
          "private": "eyJlMmJmYjczMC1lY2FhLTExZTYtOGY4OC0zNDM2M2JjN2M0YzAiOnsiY3JlYXRlIjozMDAwMDAwMDAwMDAsImRlbGV0ZSI6MzAwMDAwMDAwMDAwfX0=",
          "dependencies": [
            "flexibleengine_vpc_v1.vpc_test"
          ]
        }
      ]
    },
    {
      "mode": "managed",
      "type": "flexibleengine_vpc_subnet_v1",
      "name": "subnet_automation_2",
      "provider": "provider[\"registry.terraform.io/flexibleenginecloud/flexibleengine\"]",
      "instances": []
    },
    {
      "mode": "managed",
      "type": "flexibleengine_vpc_v1",
      "name": "vpc_test",
      "provider": "provider[\"registry.terraform.io/flexibleenginecloud/flexibleengine\"]",
      "instances": [
        {
          "schema_version": 0,
          "attributes": {
            "cidr": "192.168.0.0/16",
            "description": "",
            "enterprise_project_id": "0",
            "id": "fc788af7-946b-4639-adab-6046a8f4c39c",
            "name": "vpc_test",
            "region": "eu-west-0",
            "routes": [],
            "secondary_cidr": null,
            "status": "OK",
            "tags": {},
            "timeouts": null
          },
          "sensitive_attributes": [],
          "private": "eyJlMmJmYjczMC1lY2FhLTExZTYtOGY4OC0zNDM2M2JjN2M0YzAiOnsiY3JlYXRlIjo2MDAwMDAwMDAwMDAsImRlbGV0ZSI6MTgwMDAwMDAwMDAwfX0="
        }
      ]
    }
  ],
  "check_results": null
}
