{
  "version": 4,
  "terraform_version": "1.3.8",
  "serial": 342,
  "lineage": "7354a938-bb9c-0828-9292-f666b46eea6e",
  "outputs": {},
  "resources": [
    {
      "mode": "managed",
      "type": "flexibleengine_vpc_subnet_v1",
      "name": "CV_subnet",
      "provider": "provider[\"registry.terraform.io/flexibleenginecloud/flexibleengine\"]",
      "instances": [
        {
          "schema_version": 0,
          "attributes": {
            "availability_zone": "",
            "cidr": "192.168.1.0/24",
            "description": "",
            "dhcp_enable": true,
            "dns_list": [
              "100.125.0.41",
              "100.126.0.41"
            ],
            "gateway_ip": "192.168.1.1",
            "id": "d16e395f-f9b5-4ef2-9012-82d284c435b0",
            "ipv4_subnet_id": "80725575-ccce-4374-89a5-1a381b0480d3",
            "ipv6_cidr": "",
            "ipv6_enable": false,
            "ipv6_gateway": "",
            "ipv6_subnet_id": "",
            "name": "CV_Subnet",
            "primary_dns": "100.125.0.41",
            "region": "eu-west-0",
            "secondary_dns": "100.126.0.41",
            "subnet_id": "80725575-ccce-4374-89a5-1a381b0480d3",
            "tags": {},
            "timeouts": null,
            "vpc_id": "6f97a9db-3c1b-42ed-bd2f-4a9d13046e29"
          },
          "sensitive_attributes": [],
          "private": "eyJlMmJmYjczMC1lY2FhLTExZTYtOGY4OC0zNDM2M2JjN2M0YzAiOnsiY3JlYXRlIjozMDAwMDAwMDAwMDAsImRlbGV0ZSI6MzAwMDAwMDAwMDAwfX0=",
          "dependencies": [
            "flexibleengine_vpc_v1.CV_vpc"
          ]
        }
      ]
    },
    {
      "mode": "managed",
      "type": "flexibleengine_vpc_v1",
      "name": "CV_vpc",
      "provider": "provider[\"registry.terraform.io/flexibleenginecloud/flexibleengine\"]",
      "instances": [
        {
          "schema_version": 0,
          "attributes": {
            "cidr": "192.168.0.0/16",
            "description": "",
            "enterprise_project_id": "0",
            "id": "6f97a9db-3c1b-42ed-bd2f-4a9d13046e29",
            "name": "VPC_CV",
            "region": "eu-west-0",
            "routes": [],
            "secondary_cidr": null,
            "status": "OK",
            "tags": {},
            "timeouts": null
          },
          "sensitive_attributes": [],
          "private": "eyJlMmJmYjczMC1lY2FhLTExZTYtOGY4OC0zNDM2M2JjN2M0YzAiOnsiY3JlYXRlIjo2MDAwMDAwMDAwMDAsImRlbGV0ZSI6MTgwMDAwMDAwMDAwfX0="
        }
      ]
    }
  ],
  "check_results": null
}
