{
  "version": 4,
  "terraform_version": "1.3.8",
  "serial": 350,
  "lineage": "7354a938-bb9c-0828-9292-f666b46eea6e",
  "outputs": {
    "Object_storage_bucket": {
      "value": "cvstoragebucket",
      "type": "string"
    },
    "nsg": {
      "value": "962090e1-4fdd-4e50-b847-c2346433d2d3",
      "type": "string"
    }
  },
  "resources": [
    {
      "mode": "data",
      "type": "flexibleengine_images_image_v2",
      "name": "ubuntu",
      "provider": "provider[\"registry.terraform.io/flexibleenginecloud/flexibleengine\"]",
      "instances": [
        {
          "schema_version": 0,
          "attributes": {
            "checksum": "bcd7dd7dab80ca42e125a389f986404e",
            "container_format": "bare",
            "created_at": "2023-03-29T12:58:20Z",
            "disk_format": "zvhd2",
            "file": "/v2/images/b3f9e27f-28f4-4fc2-a218-9ac01e5810f9/file",
            "id": "b3f9e27f-28f4-4fc2-a218-9ac01e5810f9",
            "metadata": {},
            "min_disk_gb": 40,
            "min_ram_mb": 0,
            "most_recent": false,
            "name": "ecs_9fee_bis",
            "owner": "e8a8d37938a44ae38d15028889e2608f",
            "protected": false,
            "region": null,
            "schema": "/v2/schemas/image",
            "size_bytes": 18,
            "size_max": null,
            "size_min": null,
            "sort_direction": "asc",
            "sort_key": "name",
            "tag": null,
            "updated_at": "2023-03-29T13:44:34Z",
            "visibility": "private"
          },
          "sensitive_attributes": []
        }
      ]
    },
    {
      "mode": "data",
      "type": "flexibleengine_networking_secgroup_v2",
      "name": "nsg_test",
      "provider": "provider[\"registry.terraform.io/flexibleenginecloud/flexibleengine\"]",
      "instances": [
        {
          "schema_version": 0,
          "attributes": {
            "description": "",
            "id": "e7a44c0f-bbfe-440c-b725-bffe0c459060",
            "name": "SG-VM_1",
            "region": "eu-west-0",
            "secgroup_id": null,
            "tenant_id": "7664ed44f8264e63b00024d34173b5c2"
          },
          "sensitive_attributes": []
        }
      ]
    },
    {
      "mode": "managed",
      "type": "flexibleengine_compute_floatingip_associate_v2",
      "name": "CV_eip_associate",
      "provider": "provider[\"registry.terraform.io/flexibleenginecloud/flexibleengine\"]",
      "instances": []
    },
    {
      "mode": "managed",
      "type": "flexibleengine_compute_instance_v2",
      "name": "CV_VM",
      "provider": "provider[\"registry.terraform.io/flexibleenginecloud/flexibleengine\"]",
      "instances": []
    },
    {
      "mode": "managed",
      "type": "flexibleengine_compute_keypair_v2",
      "name": "CV_keypair",
      "provider": "provider[\"registry.terraform.io/flexibleenginecloud/flexibleengine\"]",
      "instances": [
        {
          "schema_version": 0,
          "attributes": {
            "id": "CV_keypair",
            "name": "CV_keypair",
            "private_key_path": "CV_keypair.pem",
            "public_key": "ssh-rsa AAAAB3NzaC1yc2EAAAADAQABAAABAQDMZ/kLr3m5wZAPodUozxUWDS1pUy+bsUjDdKG85+EjHr2sl0kRdqfDPEuBm/6y5E+3lYKzf0zXPHd30IJCKUq7QazQ23arocSnS5dc0GF1MPPrZgMkTtxdZwL7gaz0cwZHY6sJgoTswiFDYttFhh2BdZ77N4A7i1k4wG4P1eyhYJK48O1Bi9I8/85YaRr7WV6/FAulRZPRNgKhfixmHrU794sYdeHs4NFB/syO79LFuHALTzm6VRF0bsPu0EDkwr+OFKk7r6X/9XRitiofzyXAn/r38ksMhp62/G1IgyPDvZJ7stwcO+d45/YnYn8xVrlpxTQ/wxW0l5C/gb5SQX7Z Generated-by-Nova\n",
            "region": "eu-west-0"
          },
          "sensitive_attributes": [],
          "private": "bnVsbA=="
        }
      ]
    },
    {
      "mode": "managed",
      "type": "flexibleengine_networking_secgroup_rule_v2",
      "name": "ingress_secgroup_rule_1",
      "provider": "provider[\"registry.terraform.io/flexibleenginecloud/flexibleengine\"]",
      "instances": [
        {
          "schema_version": 0,
          "attributes": {
            "description": "",
            "direction": "ingress",
            "ethertype": "IPv4",
            "id": "2859ae04-e214-4cf8-ab75-acff988dde4c",
            "port_range_max": 22,
            "port_range_min": 22,
            "protocol": "tcp",
            "region": "eu-west-0",
            "remote_group_id": "",
            "remote_ip_prefix": "0.0.0.0/0",
            "security_group_id": "962090e1-4fdd-4e50-b847-c2346433d2d3",
            "tenant_id": null,
            "timeouts": null
          },
          "sensitive_attributes": [],
          "private": "eyJlMmJmYjczMC1lY2FhLTExZTYtOGY4OC0zNDM2M2JjN2M0YzAiOnsiZGVsZXRlIjo2MDAwMDAwMDAwMDB9fQ==",
          "dependencies": [
            "flexibleengine_networking_secgroup_v2.nsg"
          ]
        }
      ]
    },
    {
      "mode": "managed",
      "type": "flexibleengine_networking_secgroup_rule_v2",
      "name": "ingress_secgroup_rule_2",
      "provider": "provider[\"registry.terraform.io/flexibleenginecloud/flexibleengine\"]",
      "instances": [
        {
          "schema_version": 0,
          "attributes": {
            "description": "",
            "direction": "ingress",
            "ethertype": "IPv4",
            "id": "bb875cc9-4d78-4c94-aa73-05d9647d5ee7",
            "port_range_max": 443,
            "port_range_min": 443,
            "protocol": "tcp",
            "region": "eu-west-0",
            "remote_group_id": "",
            "remote_ip_prefix": "0.0.0.0/0",
            "security_group_id": "962090e1-4fdd-4e50-b847-c2346433d2d3",
            "tenant_id": null,
            "timeouts": null
          },
          "sensitive_attributes": [],
          "private": "eyJlMmJmYjczMC1lY2FhLTExZTYtOGY4OC0zNDM2M2JjN2M0YzAiOnsiZGVsZXRlIjo2MDAwMDAwMDAwMDB9fQ==",
          "dependencies": [
            "flexibleengine_networking_secgroup_v2.nsg"
          ]
        }
      ]
    },
    {
      "mode": "managed",
      "type": "flexibleengine_networking_secgroup_v2",
      "name": "nsg",
      "provider": "provider[\"registry.terraform.io/flexibleenginecloud/flexibleengine\"]",
      "instances": [
        {
          "schema_version": 0,
          "attributes": {
            "delete_default_rules": null,
            "description": "The network security group associated to the CV_VM",
            "id": "962090e1-4fdd-4e50-b847-c2346433d2d3",
            "name": "CV_nsg",
            "region": "eu-west-0",
            "tenant_id": null,
            "timeouts": null
          },
          "sensitive_attributes": [],
          "private": "eyJlMmJmYjczMC1lY2FhLTExZTYtOGY4OC0zNDM2M2JjN2M0YzAiOnsiZGVsZXRlIjo2MDAwMDAwMDAwMDB9fQ=="
        }
      ]
    },
    {
      "mode": "managed",
      "type": "flexibleengine_obs_bucket",
      "name": "CV_storage_bucket",
      "provider": "provider[\"registry.terraform.io/flexibleenginecloud/flexibleengine\"]",
      "instances": [
        {
          "schema_version": 0,
          "attributes": {
            "acl": "public-read",
            "bucket": "cvstoragebucket",
            "bucket_domain_name": "cvstoragebucket.oss.eu-west-0.prod-cloud-ocb.orange-business.com",
            "cors_rule": [],
            "encryption": false,
            "force_destroy": false,
            "id": "cvstoragebucket",
            "kms_key_id": "",
            "lifecycle_rule": [],
            "logging": [],
            "multi_az": false,
            "region": "eu-west-0",
            "storage_class": "STANDARD",
            "versioning": false,
            "website": []
          },
          "sensitive_attributes": [],
          "private": "bnVsbA=="
        }
      ]
    },
    {
      "mode": "managed",
      "type": "flexibleengine_vpc_eip",
      "name": "CV_eip",
      "provider": "provider[\"registry.terraform.io/flexibleenginecloud/flexibleengine\"]",
      "instances": [
        {
          "schema_version": 0,
          "attributes": {
            "address": "90.84.195.228",
            "bandwidth": [
              {
                "charge_mode": "traffic",
                "name": "CV_eip",
                "share_type": "PER",
                "size": 10
              }
            ],
            "id": "96623567-bff1-4abb-bb1f-73d659171457",
            "publicip": [
              {
                "ip_address": "90.84.195.228",
                "port_id": "",
                "type": "5_bgp"
              }
            ],
            "region": "eu-west-0",
            "status": "UNBOUND",
            "tags": null,
            "timeouts": null
          },
          "sensitive_attributes": [],
          "private": "eyJlMmJmYjczMC1lY2FhLTExZTYtOGY4OC0zNDM2M2JjN2M0YzAiOnsiY3JlYXRlIjo2MDAwMDAwMDAwMDAsImRlbGV0ZSI6NjAwMDAwMDAwMDAwfX0="
        }
      ]
    },
    {
      "mode": "managed",
      "type": "flexibleengine_vpc_subnet_v1",
      "name": "CV_subnet",
      "provider": "provider[\"registry.terraform.io/flexibleenginecloud/flexibleengine\"]",
      "instances": [
        {
          "schema_version": 0,
          "attributes": {
            "availability_zone": "",
            "cidr": "192.168.1.0/24",
            "description": "",
            "dhcp_enable": true,
            "dns_list": [
              "100.125.0.41",
              "100.126.0.41"
            ],
            "gateway_ip": "192.168.1.1",
            "id": "d16e395f-f9b5-4ef2-9012-82d284c435b0",
            "ipv4_subnet_id": "80725575-ccce-4374-89a5-1a381b0480d3",
            "ipv6_cidr": "",
            "ipv6_enable": false,
            "ipv6_gateway": "",
            "ipv6_subnet_id": "",
            "name": "CV_Subnet",
            "primary_dns": "100.125.0.41",
            "region": "eu-west-0",
            "secondary_dns": "100.126.0.41",
            "subnet_id": "80725575-ccce-4374-89a5-1a381b0480d3",
            "tags": {},
            "timeouts": null,
            "vpc_id": "6f97a9db-3c1b-42ed-bd2f-4a9d13046e29"
          },
          "sensitive_attributes": [],
          "private": "eyJlMmJmYjczMC1lY2FhLTExZTYtOGY4OC0zNDM2M2JjN2M0YzAiOnsiY3JlYXRlIjozMDAwMDAwMDAwMDAsImRlbGV0ZSI6MzAwMDAwMDAwMDAwfX0=",
          "dependencies": [
            "flexibleengine_vpc_v1.CV_vpc"
          ]
        }
      ]
    },
    {
      "mode": "managed",
      "type": "flexibleengine_vpc_v1",
      "name": "CV_vpc",
      "provider": "provider[\"registry.terraform.io/flexibleenginecloud/flexibleengine\"]",
      "instances": [
        {
          "schema_version": 0,
          "attributes": {
            "cidr": "192.168.0.0/16",
            "description": "",
            "enterprise_project_id": "0",
            "id": "6f97a9db-3c1b-42ed-bd2f-4a9d13046e29",
            "name": "VPC_CV",
            "region": "eu-west-0",
            "routes": [],
            "secondary_cidr": null,
            "status": "OK",
            "tags": {},
            "timeouts": null
          },
          "sensitive_attributes": [],
          "private": "eyJlMmJmYjczMC1lY2FhLTExZTYtOGY4OC0zNDM2M2JjN2M0YzAiOnsiY3JlYXRlIjo2MDAwMDAwMDAwMDAsImRlbGV0ZSI6MTgwMDAwMDAwMDAwfX0="
        }
      ]
    }
  ],
  "check_results": null
}
