{
  "version": 4,
  "terraform_version": "1.3.8",
  "serial": 43,
  "lineage": "0f4020ea-3f72-8b80-4835-023516a09798",
  "outputs": {
    "CV_VM": {
      "value": "910ee6f5-133d-41c1-945d-333406dbba68",
      "type": "string"
    },
    "Object_storage_bucket": {
      "value": "cvstoragebucket",
      "type": "string"
    },
    "nsg": {
      "value": "6a99a63a-45e4-4fce-bdc8-466758422c27",
      "type": "string"
    },
    "virtual_network": {
      "value": "e409b976-95cf-49bb-85e7-2666fa26b7b1",
      "type": "string"
    }
  },
  "resources": [
    {
      "mode": "managed",
      "type": "flexibleengine_compute_floatingip_associate_v2",
      "name": "CV_eip_associate",
      "provider": "provider[\"registry.terraform.io/flexibleenginecloud/flexibleengine\"]",
      "instances": [
        {
          "schema_version": 0,
          "attributes": {
            "fixed_ip": "192.168.1.211",
            "floating_ip": "90.84.22.83",
            "id": "90.84.22.83/910ee6f5-133d-41c1-945d-333406dbba68/",
            "instance_id": "910ee6f5-133d-41c1-945d-333406dbba68",
            "region": "eu-west-0"
          },
          "sensitive_attributes": [],
          "private": "bnVsbA==",
          "dependencies": [
            "flexibleengine_compute_instance_v2.CV_VM",
            "flexibleengine_compute_keypair_v2.CV_keypair",
            "flexibleengine_networking_secgroup_v2.nsg",
            "flexibleengine_vpc_eip.CV_eip",
            "flexibleengine_vpc_subnet_v1.CV_subnet"
          ]
        }
      ]
    },
    {
      "mode": "managed",
      "type": "flexibleengine_compute_instance_v2",
      "name": "CV_VM",
      "provider": "provider[\"registry.terraform.io/flexibleenginecloud/flexibleengine\"]",
      "instances": [
        {
          "schema_version": 0,
          "attributes": {
            "access_ip_v4": "192.168.1.211",
            "access_ip_v6": "",
            "admin_pass": null,
            "all_metadata": {
              "charging_mode": "0",
              "image_name": "OBS Ubuntu 22.04",
              "metering.image_id": "6ab649f9-d0b8-4e4f-aac8-a5d0a3fed1c9",
              "metering.imagetype": "gold",
              "metering.resourcespeccode": "s3.large.2.linux",
              "os_bit": "64",
              "vpc_id": "e3dc07bd-c7ee-4dcc-9883-61789b93bb90"
            },
            "auto_recovery": true,
            "availability_zone": "eu-west-0a",
            "block_device": [],
            "config_drive": null,
            "flavor_id": "s3.large.2",
            "flavor_name": "s3.large.2",
            "floating_ip": null,
            "id": "910ee6f5-133d-41c1-945d-333406dbba68",
            "image_id": "6ab649f9-d0b8-4e4f-aac8-a5d0a3fed1c9",
            "image_name": "OBS Ubuntu 22.04",
            "key_pair": "CV_keypair",
            "metadata": null,
            "name": "CV_VM",
            "network": [
              {
                "access_network": false,
                "fixed_ip_v4": "192.168.1.211",
                "fixed_ip_v6": "",
                "mac": "fa:16:3e:38:91:63",
                "name": "",
                "port": "44852cb4-4be6-4727-858b-589ad5238491",
                "uuid": "e409b976-95cf-49bb-85e7-2666fa26b7b1"
              }
            ],
            "personality": [],
            "region": "eu-west-0",
            "scheduler_hints": [],
            "security_groups": [
              "CV_nsg"
            ],
            "status": "ACTIVE",
            "stop_before_destroy": false,
            "system_disk_id": "44e5e7fd-62bb-4544-9825-534a66037fda",
            "tags": null,
            "timeouts": null,
            "user_data": null,
            "volume_attached": [
              {
                "boot_index": 0,
                "pci_address": "0000:02:01.0",
                "size": 40,
                "type": "SAS",
                "uuid": "44e5e7fd-62bb-4544-9825-534a66037fda"
              }
            ]
          },
          "sensitive_attributes": [],
          "private": "eyJlMmJmYjczMC1lY2FhLTExZTYtOGY4OC0zNDM2M2JjN2M0YzAiOnsiY3JlYXRlIjoxODAwMDAwMDAwMDAwLCJkZWxldGUiOjE4MDAwMDAwMDAwMDAsInVwZGF0ZSI6MTgwMDAwMDAwMDAwMH19",
          "dependencies": [
            "flexibleengine_compute_keypair_v2.CV_keypair",
            "flexibleengine_networking_secgroup_v2.nsg",
            "flexibleengine_vpc_subnet_v1.CV_subnet"
          ]
        }
      ]
    },
    {
      "mode": "managed",
      "type": "flexibleengine_compute_keypair_v2",
      "name": "CV_keypair",
      "provider": "provider[\"registry.terraform.io/flexibleenginecloud/flexibleengine\"]",
      "instances": [
        {
          "schema_version": 0,
          "attributes": {
            "id": "CV_keypair",
            "name": "CV_keypair",
            "private_key_path": "CV_keypair.pem",
            "public_key": "ssh-rsa AAAAB3NzaC1yc2EAAAADAQABAAABAQDC4wX9C1To0KAW1eAt3dmqOai6ELpfPgQg75iYZnCBZwirjFBhft3vepFh8f1Vr3lPHH+IOAFFNWq+SWxLFFB/TYjFCvUqdKEmxU2bVapYDFpDApceLcBAbTWOCe4eMOH2jDILf4Z2deRJ7r9fUUS3VtB7TjjQvlViVl2kOCnU5VeBL3tXxenIuHl+pjIcZ/9XBWMSoMP/MCfKB5BjO0VFuvEQedHEIrfwjrK4QDEdFY8TaL/oF9thIwvvn2Nkd9PZQ26qg/vGaUdv8jeEqPAFBN+WdrwyM5/l5oAoSbFwqSSh9THpjZKF3LgZtY83XbpzMw774XP4HobcXB2mJ0Ez Generated-by-Nova\n",
            "region": "eu-west-0"
          },
          "sensitive_attributes": [],
          "private": "bnVsbA=="
        }
      ]
    },
    {
      "mode": "managed",
      "type": "flexibleengine_networking_secgroup_rule_v2",
      "name": "ingress_secgroup_rule_1",
      "provider": "provider[\"registry.terraform.io/flexibleenginecloud/flexibleengine\"]",
      "instances": [
        {
          "schema_version": 0,
          "attributes": {
            "description": "",
            "direction": "ingress",
            "ethertype": "IPv4",
            "id": "73bcf0b4-0617-437e-a553-25f59bb5b752",
            "port_range_max": 22,
            "port_range_min": 22,
            "protocol": "tcp",
            "region": "eu-west-0",
            "remote_group_id": "",
            "remote_ip_prefix": "0.0.0.0/0",
            "security_group_id": "6a99a63a-45e4-4fce-bdc8-466758422c27",
            "tenant_id": null,
            "timeouts": null
          },
          "sensitive_attributes": [],
          "private": "eyJlMmJmYjczMC1lY2FhLTExZTYtOGY4OC0zNDM2M2JjN2M0YzAiOnsiZGVsZXRlIjo2MDAwMDAwMDAwMDB9fQ==",
          "dependencies": [
            "flexibleengine_networking_secgroup_v2.nsg"
          ]
        }
      ]
    },
    {
      "mode": "managed",
      "type": "flexibleengine_networking_secgroup_rule_v2",
      "name": "ingress_secgroup_rule_2",
      "provider": "provider[\"registry.terraform.io/flexibleenginecloud/flexibleengine\"]",
      "instances": [
        {
          "schema_version": 0,
          "attributes": {
            "description": "",
            "direction": "ingress",
            "ethertype": "IPv4",
            "id": "81ee1808-54b2-47c0-af60-0f6083d0a7c0",
            "port_range_max": 443,
            "port_range_min": 443,
            "protocol": "tcp",
            "region": "eu-west-0",
            "remote_group_id": "",
            "remote_ip_prefix": "0.0.0.0/0",
            "security_group_id": "6a99a63a-45e4-4fce-bdc8-466758422c27",
            "tenant_id": null,
            "timeouts": null
          },
          "sensitive_attributes": [],
          "private": "eyJlMmJmYjczMC1lY2FhLTExZTYtOGY4OC0zNDM2M2JjN2M0YzAiOnsiZGVsZXRlIjo2MDAwMDAwMDAwMDB9fQ==",
          "dependencies": [
            "flexibleengine_networking_secgroup_v2.nsg"
          ]
        }
      ]
    },
    {
      "mode": "managed",
      "type": "flexibleengine_networking_secgroup_v2",
      "name": "nsg",
      "provider": "provider[\"registry.terraform.io/flexibleenginecloud/flexibleengine\"]",
      "instances": [
        {
          "schema_version": 0,
          "attributes": {
            "delete_default_rules": null,
            "description": "The network security group associated to the CV_VM",
            "id": "6a99a63a-45e4-4fce-bdc8-466758422c27",
            "name": "CV_nsg",
            "region": "eu-west-0",
            "tenant_id": null,
            "timeouts": null
          },
          "sensitive_attributes": [],
          "private": "eyJlMmJmYjczMC1lY2FhLTExZTYtOGY4OC0zNDM2M2JjN2M0YzAiOnsiZGVsZXRlIjo2MDAwMDAwMDAwMDB9fQ=="
        }
      ]
    },
    {
      "mode": "managed",
      "type": "flexibleengine_obs_bucket",
      "name": "CV_storage_bucket",
      "provider": "provider[\"registry.terraform.io/flexibleenginecloud/flexibleengine\"]",
      "instances": [
        {
          "schema_version": 0,
          "attributes": {
            "acl": "public-read",
            "bucket": "cvstoragebucket",
            "bucket_domain_name": "cvstoragebucket.oss.eu-west-0.prod-cloud-ocb.orange-business.com",
            "cors_rule": [],
            "encryption": false,
            "force_destroy": false,
            "id": "cvstoragebucket",
            "kms_key_id": "",
            "lifecycle_rule": [],
            "logging": [],
            "multi_az": false,
            "region": "eu-west-0",
            "storage_class": "STANDARD",
            "versioning": false,
            "website": []
          },
          "sensitive_attributes": [],
          "private": "bnVsbA=="
        }
      ]
    },
    {
      "mode": "managed",
      "type": "flexibleengine_vpc_eip",
      "name": "CV_eip",
      "provider": "provider[\"registry.terraform.io/flexibleenginecloud/flexibleengine\"]",
      "instances": [
        {
          "schema_version": 0,
          "attributes": {
            "address": "90.84.22.83",
            "bandwidth": [
              {
                "charge_mode": "traffic",
                "name": "CV_eip",
                "share_type": "PER",
                "size": 10
              }
            ],
            "id": "58c14df2-33e7-4c4f-8a5d-093596cb3a4d",
            "publicip": [
              {
                "ip_address": "90.84.22.83",
                "port_id": "",
                "type": "5_bgp"
              }
            ],
            "region": "eu-west-0",
            "status": "UNBOUND",
            "tags": {},
            "timeouts": null
          },
          "sensitive_attributes": [],
          "private": "eyJlMmJmYjczMC1lY2FhLTExZTYtOGY4OC0zNDM2M2JjN2M0YzAiOnsiY3JlYXRlIjo2MDAwMDAwMDAwMDAsImRlbGV0ZSI6NjAwMDAwMDAwMDAwfX0="
        }
      ]
    },
    {
      "mode": "managed",
      "type": "flexibleengine_vpc_subnet_v1",
      "name": "CV_subnet",
      "provider": "provider[\"registry.terraform.io/flexibleenginecloud/flexibleengine\"]",
      "instances": [
        {
          "schema_version": 0,
          "attributes": {
            "availability_zone": "eu-west-0a",
            "cidr": "192.168.1.0/24",
            "description": "",
            "dhcp_enable": true,
            "dns_list": [],
            "gateway_ip": "192.168.1.1",
            "id": "e409b976-95cf-49bb-85e7-2666fa26b7b1",
            "ipv4_subnet_id": "dd5ee639-94ad-40a1-bb08-ec7b8737d7c3",
            "ipv6_cidr": "",
            "ipv6_enable": false,
            "ipv6_gateway": "",
            "ipv6_subnet_id": "",
            "name": "vpc-subnet_test_workspace_dev",
            "primary_dns": "",
            "region": "eu-west-0",
            "secondary_dns": "",
            "subnet_id": "dd5ee639-94ad-40a1-bb08-ec7b8737d7c3",
            "tags": {},
            "timeouts": null,
            "vpc_id": "e3dc07bd-c7ee-4dcc-9883-61789b93bb90"
          },
          "sensitive_attributes": [],
          "private": "eyJlMmJmYjczMC1lY2FhLTExZTYtOGY4OC0zNDM2M2JjN2M0YzAiOnsiY3JlYXRlIjozMDAwMDAwMDAwMDAsImRlbGV0ZSI6MzAwMDAwMDAwMDAwfX0=",
          "dependencies": [
            "flexibleengine_vpc_v1.CV_vpc"
          ]
        }
      ]
    },
    {
      "mode": "managed",
      "type": "flexibleengine_vpc_v1",
      "name": "CV_vpc",
      "provider": "provider[\"registry.terraform.io/flexibleenginecloud/flexibleengine\"]",
      "instances": [
        {
          "schema_version": 0,
          "attributes": {
            "cidr": "192.168.0.0/16",
            "description": "",
            "enterprise_project_id": "0",
            "id": "e3dc07bd-c7ee-4dcc-9883-61789b93bb90",
            "name": "vpc_CV",
            "region": "eu-west-0",
            "routes": [],
            "secondary_cidr": null,
            "status": "OK",
            "tags": {},
            "timeouts": null
          },
          "sensitive_attributes": [],
          "private": "eyJlMmJmYjczMC1lY2FhLTExZTYtOGY4OC0zNDM2M2JjN2M0YzAiOnsiY3JlYXRlIjo2MDAwMDAwMDAwMDAsImRlbGV0ZSI6MTgwMDAwMDAwMDAwfX0="
        }
      ]
    }
  ],
  "check_results": null
}
