{
  "version": 4,
  "terraform_version": "1.3.8",
  "serial": 249,
  "lineage": "697f6506-ffb4-4efe-5356-b213e63900db",
  "outputs": {
    "Object_storage_bucket": {
      "value": "cvstoragebucket",
      "type": "string"
    },
    "nsg": {
      "value": "0ae37a81-210f-40a6-93d2-d3a588e5d5df",
      "type": "string"
    }
  },
  "resources": [
    {
      "mode": "data",
      "type": "flexibleengine_images_image_v2",
      "name": "ubuntu",
      "provider": "provider[\"registry.terraform.io/flexibleenginecloud/flexibleengine\"]",
      "instances": [
        {
          "schema_version": 0,
          "attributes": {
            "checksum": "bcd7dd7dab80ca42e125a389f986404e",
            "container_format": "bare",
            "created_at": "2023-03-29T12:58:20Z",
            "disk_format": "zvhd2",
            "file": "/v2/images/b3f9e27f-28f4-4fc2-a218-9ac01e5810f9/file",
            "id": "b3f9e27f-28f4-4fc2-a218-9ac01e5810f9",
            "metadata": {},
            "min_disk_gb": 40,
            "min_ram_mb": 0,
            "most_recent": false,
            "name": "ecs_9fee_bis",
            "owner": "e8a8d37938a44ae38d15028889e2608f",
            "protected": false,
            "region": null,
            "schema": "/v2/schemas/image",
            "size_bytes": 18,
            "size_max": null,
            "size_min": null,
            "sort_direction": "asc",
            "sort_key": "name",
            "tag": null,
            "updated_at": "2023-03-29T13:44:34Z",
            "visibility": "private"
          },
          "sensitive_attributes": []
        }
      ]
    },
    {
      "mode": "data",
      "type": "flexibleengine_networking_secgroup_v2",
      "name": "nsg_test",
      "provider": "provider[\"registry.terraform.io/flexibleenginecloud/flexibleengine\"]",
      "instances": [
        {
          "schema_version": 0,
          "attributes": {
            "description": "",
            "id": "e7a44c0f-bbfe-440c-b725-bffe0c459060",
            "name": "SG-VM_1",
            "region": "eu-west-0",
            "secgroup_id": null,
            "tenant_id": "7664ed44f8264e63b00024d34173b5c2"
          },
          "sensitive_attributes": []
        }
      ]
    },
    {
      "mode": "data",
      "type": "flexibleengine_vpc_subnet_v1",
      "name": "vpc",
      "provider": "provider[\"registry.terraform.io/flexibleenginecloud/flexibleengine\"]",
      "instances": [
        {
          "schema_version": 0,
          "attributes": {
            "availability_zone": "",
            "cidr": "192.168.0.0/24",
            "dhcp_enable": true,
            "dns_list": [
              "100.125.0.41",
              "100.125.12.161"
            ],
            "gateway_ip": "192.168.0.1",
            "id": "9f8c67bd-9bf2-46e9-b7fb-3225b6279f62",
            "ipv4_subnet_id": "cbbc2fda-ec3a-4513-ac6c-dd7c84755d60",
            "ipv6_cidr": "",
            "ipv6_enable": false,
            "ipv6_gateway": "",
            "ipv6_subnet_id": "",
            "name": "subnet-86ea",
            "primary_dns": "100.125.0.41",
            "region": "eu-west-0",
            "secondary_dns": "100.125.12.161",
            "status": "ACTIVE",
            "subnet_id": "cbbc2fda-ec3a-4513-ac6c-dd7c84755d60",
            "vpc_id": "ded9b6c0-e3a1-4e3c-b709-63ce410a0a01"
          },
          "sensitive_attributes": []
        }
      ]
    },
    {
      "mode": "managed",
      "type": "flexibleengine_compute_floatingip_associate_v2",
      "name": "CV_eip_associate",
      "provider": "provider[\"registry.terraform.io/flexibleenginecloud/flexibleengine\"]",
      "instances": []
    },
    {
      "mode": "managed",
      "type": "flexibleengine_compute_instance_v2",
      "name": "CV_VM",
      "provider": "provider[\"registry.terraform.io/flexibleenginecloud/flexibleengine\"]",
      "instances": []
    },
    {
      "mode": "managed",
      "type": "flexibleengine_compute_keypair_v2",
      "name": "CV_keypair",
      "provider": "provider[\"registry.terraform.io/flexibleenginecloud/flexibleengine\"]",
      "instances": [
        {
          "schema_version": 0,
          "attributes": {
            "id": "CV_keypair_2",
            "name": "CV_keypair_2",
            "private_key_path": "CV_keypair_2.pem",
            "public_key": "ssh-rsa AAAAB3NzaC1yc2EAAAADAQABAAABAQC08PjMhgpuEOXkYi0izcJkL072dGaf/ZsC3H4BWhDI0XbNFMLZ1Rnujy/5j+qC2hWaxcjmaP5Nh/Q9hlQGmt9ZbRku9lsV7gWWKK9jX0mUgMqnsumluAWygkhFVpZM6HS8SnU/NJoIl7/Y8SmJ0m3bILM16f3msBo6GSR3qL6Aj9ZAzFJwpIfPz1KH9rclvdQOnlcN3nph5mMAtrU01jHA/jZVlSOGsVQUl6yP02sZxWohVGgxNoCBIfjKcFk+leOs5QDcO4SX4/EwLGnthguvI/E7Lg+dVtaS2fL2zsjL/rp0mrbR3bCbcgxS4dxNJAJGjj6YPaxUTvPIuBaB7H/B Generated-by-Nova\n",
            "region": "eu-west-0"
          },
          "sensitive_attributes": [],
          "private": "bnVsbA=="
        }
      ]
    },
    {
      "mode": "managed",
      "type": "flexibleengine_networking_secgroup_rule_v2",
      "name": "ingress_secgroup_rule_1",
      "provider": "provider[\"registry.terraform.io/flexibleenginecloud/flexibleengine\"]",
      "instances": [
        {
          "schema_version": 0,
          "attributes": {
            "description": "",
            "direction": "ingress",
            "ethertype": "IPv4",
            "id": "7ecf7037-0d99-4b11-863e-f53d3197ef67",
            "port_range_max": 22,
            "port_range_min": 22,
            "protocol": "tcp",
            "region": "eu-west-0",
            "remote_group_id": "",
            "remote_ip_prefix": "0.0.0.0/0",
            "security_group_id": "0ae37a81-210f-40a6-93d2-d3a588e5d5df",
            "tenant_id": null,
            "timeouts": null
          },
          "sensitive_attributes": [],
          "private": "eyJlMmJmYjczMC1lY2FhLTExZTYtOGY4OC0zNDM2M2JjN2M0YzAiOnsiZGVsZXRlIjo2MDAwMDAwMDAwMDB9fQ==",
          "dependencies": [
            "flexibleengine_networking_secgroup_v2.nsg"
          ]
        }
      ]
    },
    {
      "mode": "managed",
      "type": "flexibleengine_networking_secgroup_rule_v2",
      "name": "ingress_secgroup_rule_2",
      "provider": "provider[\"registry.terraform.io/flexibleenginecloud/flexibleengine\"]",
      "instances": [
        {
          "schema_version": 0,
          "attributes": {
            "description": "",
            "direction": "ingress",
            "ethertype": "IPv4",
            "id": "266c28c0-be9c-48cb-80ae-deaacb8004cf",
            "port_range_max": 443,
            "port_range_min": 443,
            "protocol": "tcp",
            "region": "eu-west-0",
            "remote_group_id": "",
            "remote_ip_prefix": "0.0.0.0/0",
            "security_group_id": "0ae37a81-210f-40a6-93d2-d3a588e5d5df",
            "tenant_id": null,
            "timeouts": null
          },
          "sensitive_attributes": [],
          "private": "eyJlMmJmYjczMC1lY2FhLTExZTYtOGY4OC0zNDM2M2JjN2M0YzAiOnsiZGVsZXRlIjo2MDAwMDAwMDAwMDB9fQ==",
          "dependencies": [
            "flexibleengine_networking_secgroup_v2.nsg"
          ]
        }
      ]
    },
    {
      "mode": "managed",
      "type": "flexibleengine_networking_secgroup_v2",
      "name": "nsg",
      "provider": "provider[\"registry.terraform.io/flexibleenginecloud/flexibleengine\"]",
      "instances": [
        {
          "schema_version": 0,
          "attributes": {
            "delete_default_rules": null,
            "description": "The network security group associated to the CV_VM",
            "id": "0ae37a81-210f-40a6-93d2-d3a588e5d5df",
            "name": "CV_nsg",
            "region": "eu-west-0",
            "tenant_id": null,
            "timeouts": null
          },
          "sensitive_attributes": [],
          "private": "eyJlMmJmYjczMC1lY2FhLTExZTYtOGY4OC0zNDM2M2JjN2M0YzAiOnsiZGVsZXRlIjo2MDAwMDAwMDAwMDB9fQ=="
        }
      ]
    },
    {
      "mode": "managed",
      "type": "flexibleengine_obs_bucket",
      "name": "CV_storage_bucket",
      "provider": "provider[\"registry.terraform.io/flexibleenginecloud/flexibleengine\"]",
      "instances": [
        {
          "schema_version": 0,
          "attributes": {
            "acl": "public-read",
            "bucket": "cvstoragebucket",
            "bucket_domain_name": "cvstoragebucket.oss.eu-west-0.prod-cloud-ocb.orange-business.com",
            "cors_rule": [],
            "encryption": false,
            "force_destroy": false,
            "id": "cvstoragebucket",
            "kms_key_id": "",
            "lifecycle_rule": [],
            "logging": [],
            "multi_az": false,
            "region": "eu-west-0",
            "storage_class": "STANDARD",
            "versioning": false,
            "website": []
          },
          "sensitive_attributes": [],
          "private": "bnVsbA=="
        }
      ]
    },
    {
      "mode": "managed",
      "type": "flexibleengine_vpc_eip",
      "name": "CV_eip",
      "provider": "provider[\"registry.terraform.io/flexibleenginecloud/flexibleengine\"]",
      "instances": [
        {
          "schema_version": 0,
          "attributes": {
            "address": "90.84.46.145",
            "bandwidth": [
              {
                "charge_mode": "traffic",
                "name": "CV_eip",
                "share_type": "PER",
                "size": 10
              }
            ],
            "id": "74a21fc4-f69d-4e81-b8c4-975ae12810d7",
            "publicip": [
              {
                "ip_address": "90.84.46.145",
                "port_id": "",
                "type": "5_bgp"
              }
            ],
            "region": "eu-west-0",
            "status": "UNBOUND",
            "tags": null,
            "timeouts": null
          },
          "sensitive_attributes": [],
          "private": "eyJlMmJmYjczMC1lY2FhLTExZTYtOGY4OC0zNDM2M2JjN2M0YzAiOnsiY3JlYXRlIjo2MDAwMDAwMDAwMDAsImRlbGV0ZSI6NjAwMDAwMDAwMDAwfX0="
        }
      ]
    },
    {
      "mode": "managed",
      "type": "flexibleengine_vpc_subnet_v1",
      "name": "CV_subnet",
      "provider": "provider[\"registry.terraform.io/flexibleenginecloud/flexibleengine\"]",
      "instances": []
    },
    {
      "mode": "managed",
      "type": "null_resource",
      "name": "remote_exec",
      "provider": "provider[\"registry.terraform.io/hashicorp/null\"]",
      "instances": []
    }
  ],
  "check_results": null
}
