{
  "version": 4,
  "terraform_version": "1.3.8",
  "serial": 3,
  "lineage": "c2563642-46e5-23bb-4714-d86cceaa0bb8",
  "outputs": {},
  "resources": [
    {
      "mode": "managed",
      "type": "flexibleengine_vpc_subnet_v1",
      "name": "subnet_automation_2",
      "provider": "provider[\"registry.terraform.io/flexibleenginecloud/flexibleengine\"]",
      "instances": [
        {
          "schema_version": 0,
          "attributes": {
            "availability_zone": "",
            "cidr": "192.168.1.0/24",
            "description": "",
            "dhcp_enable": true,
            "dns_list": [],
            "gateway_ip": "192.168.1.1",
            "id": "0e109811-4e1a-41dd-8aa1-716972aea207",
            "ipv4_subnet_id": "07e99429-94c7-4636-9b25-47e0da1033fa",
            "ipv6_cidr": "",
            "ipv6_enable": false,
            "ipv6_gateway": "",
            "ipv6_subnet_id": "",
            "name": "vpc-subnet_test_workspace_dev",
            "primary_dns": "",
            "region": "eu-west-0",
            "secondary_dns": "",
            "subnet_id": "07e99429-94c7-4636-9b25-47e0da1033fa",
            "tags": null,
            "timeouts": null,
            "vpc_id": "b1bc16bb-6b08-43a9-8a57-8113dce65113"
          },
          "sensitive_attributes": [],
          "private": "eyJlMmJmYjczMC1lY2FhLTExZTYtOGY4OC0zNDM2M2JjN2M0YzAiOnsiY3JlYXRlIjozMDAwMDAwMDAwMDAsImRlbGV0ZSI6MzAwMDAwMDAwMDAwfX0=",
          "dependencies": [
            "flexibleengine_vpc_v1.vpc_test"
          ]
        }
      ]
    },
    {
      "mode": "managed",
      "type": "flexibleengine_vpc_v1",
      "name": "vpc_test",
      "provider": "provider[\"registry.terraform.io/flexibleenginecloud/flexibleengine\"]",
      "instances": [
        {
          "schema_version": 0,
          "attributes": {
            "cidr": "192.168.0.0/16",
            "description": "",
            "enterprise_project_id": "0",
            "id": "b1bc16bb-6b08-43a9-8a57-8113dce65113",
            "name": "vpc_test_2",
            "region": "eu-west-0",
            "routes": [],
            "secondary_cidr": null,
            "status": "OK",
            "tags": null,
            "timeouts": null
          },
          "sensitive_attributes": [],
          "private": "eyJlMmJmYjczMC1lY2FhLTExZTYtOGY4OC0zNDM2M2JjN2M0YzAiOnsiY3JlYXRlIjo2MDAwMDAwMDAwMDAsImRlbGV0ZSI6MTgwMDAwMDAwMDAwfX0="
        }
      ]
    }
  ],
  "check_results": null
}
