{
  "version": 4,
  "terraform_version": "1.3.8",
  "serial": 4,
  "lineage": "a41fcaec-c20f-e7fe-be9d-20a0063573ee",
  "outputs": {},
  "resources": [
    {
      "mode": "managed",
      "type": "flexibleengine_obs_bucket",
      "name": "b",
      "provider": "provider[\"registry.terraform.io/flexibleenginecloud/flexibleengine\"]",
      "instances": [
        {
          "schema_version": 0,
          "attributes": {
            "acl": "public-read",
            "bucket": "ghanibuckettest",
            "bucket_domain_name": "ghanibuckettest.oss.eu-west-0.prod-cloud-ocb.orange-business.com",
            "cors_rule": [],
            "encryption": false,
            "force_destroy": false,
            "id": "ghanibuckettest",
            "kms_key_id": "",
            "lifecycle_rule": [],
            "logging": [],
            "multi_az": false,
            "region": "eu-west-0",
            "storage_class": "STANDARD",
            "versioning": false,
            "website": []
          },
          "sensitive_attributes": [],
          "private": "bnVsbA=="
        }
      ]
    },
    {
      "mode": "managed",
      "type": "flexibleengine_vpc_subnet_v1",
      "name": "subnet_automation",
      "provider": "provider[\"registry.terraform.io/flexibleenginecloud/flexibleengine\"]",
      "instances": [
        {
          "schema_version": 0,
          "attributes": {
            "availability_zone": "",
            "cidr": "192.168.1.0/24",
            "description": "",
            "dhcp_enable": true,
            "dns_list": [],
            "gateway_ip": "192.168.1.1",
            "id": "cf4852c2-5d04-4134-9407-b820c5cdc2f9",
            "ipv4_subnet_id": "05895004-e80d-495a-ab4c-e24c2fbe5b91",
            "ipv6_cidr": "",
            "ipv6_enable": false,
            "ipv6_gateway": "",
            "ipv6_subnet_id": "",
            "name": "vpc-subnet_test_workspace_dev",
            "primary_dns": "",
            "region": "eu-west-0",
            "secondary_dns": "",
            "subnet_id": "05895004-e80d-495a-ab4c-e24c2fbe5b91",
            "tags": null,
            "timeouts": null,
            "vpc_id": "e155cacd-85bc-4a1d-bcbf-84e3c94c3b67"
          },
          "sensitive_attributes": [],
          "private": "eyJlMmJmYjczMC1lY2FhLTExZTYtOGY4OC0zNDM2M2JjN2M0YzAiOnsiY3JlYXRlIjozMDAwMDAwMDAwMDAsImRlbGV0ZSI6MzAwMDAwMDAwMDAwfX0=",
          "dependencies": [
            "flexibleengine_vpc_v1.vpc_test"
          ]
        }
      ]
    },
    {
      "mode": "managed",
      "type": "flexibleengine_vpc_v1",
      "name": "vpc_test",
      "provider": "provider[\"registry.terraform.io/flexibleenginecloud/flexibleengine\"]",
      "instances": [
        {
          "schema_version": 0,
          "attributes": {
            "cidr": "192.168.0.0/16",
            "description": "",
            "enterprise_project_id": "0",
            "id": "e155cacd-85bc-4a1d-bcbf-84e3c94c3b67",
            "name": "vpc_test_2",
            "region": "eu-west-0",
            "routes": [],
            "secondary_cidr": null,
            "status": "OK",
            "tags": null,
            "timeouts": null
          },
          "sensitive_attributes": [],
          "private": "eyJlMmJmYjczMC1lY2FhLTExZTYtOGY4OC0zNDM2M2JjN2M0YzAiOnsiY3JlYXRlIjo2MDAwMDAwMDAwMDAsImRlbGV0ZSI6MTgwMDAwMDAwMDAwfX0="
        }
      ]
    }
  ],
  "check_results": null
}
